
Microsoft Visual Studio Solution File, Format Version 12.00
# Visual Studio Version 17
VisualStudioVersion = 17.1.32210.238
MinimumVisualStudioVersion = 10.0.40219.1
Project("{FAE04EC0-301F-11D3-BF4B-00C04F79EFBC}") = "ProductReviewManagement", "ProductReviewManagement.csproj", "{F5DC1F4E-19B9-412D-88D9-9C132779D96C}"
EndProject
Global
	GlobalSection(SolutionConfigurationPlatforms) = preSolution
		Debug|Any CPU = Debug|Any CPU
		Release|Any CPU = Release|Any CPU
	EndGlobalSection
	GlobalSection(ProjectConfigurationPlatforms) = postSolution
		{F5DC1F4E-19B9-412D-88D9-9C132779D96C}.Debug|Any CPU.ActiveCfg = Debug|Any CPU
		{F5DC1F4E-19B9-412D-88D9-9C132779D96C}.Debug|Any CPU.Build.0 = Debug|Any CPU
		{F5DC1F4E-19B9-412D-88D9-9C132779D96C}.Release|Any CPU.ActiveCfg = Release|Any CPU
		{F5DC1F4E-19B9-412D-88D9-9C132779D96C}.Release|Any CPU.Build.0 = Release|Any CPU
	EndGlobalSection
	GlobalSection(SolutionProperties) = preSolution
		HideSolutionNode = FALSE
	EndGlobalSection
	GlobalSection(ExtensibilityGlobals) = postSolution
		SolutionGuid = {D9EAA827-4AC0-412F-BD43-ADF2B40222DE}
	EndGlobalSection
EndGlobal
